
Microsoft Visual Studio Solution File, Format Version 12.00
# Visual Studio Version 17
VisualStudioVersion = 17.12.35527.113 d17.12
MinimumVisualStudioVersion = 10.0.40219.1
Project("{FAE04EC0-301F-11D3-BF4B-00C04F79EFBC}") = "RedisPractice", "RedisPractice\RedisPractice.csproj", "{12549630-3FEE-492F-BCC7-B8B5D71C1DDE}"
EndProject
Global
	GlobalSection(SolutionConfigurationPlatforms) = preSolution
		Debug|Any CPU = Debug|Any CPU
		Release|Any CPU = Release|Any CPU
	EndGlobalSection
	GlobalSection(ProjectConfigurationPlatforms) = postSolution
		{12549630-3FEE-492F-BCC7-B8B5D71C1DDE}.Debug|Any CPU.ActiveCfg = Debug|Any CPU
		{12549630-3FEE-492F-BCC7-B8B5D71C1DDE}.Debug|Any CPU.Build.0 = Debug|Any CPU
		{12549630-3FEE-492F-BCC7-B8B5D71C1DDE}.Release|Any CPU.ActiveCfg = Release|Any CPU
		{12549630-3FEE-492F-BCC7-B8B5D71C1DDE}.Release|Any CPU.Build.0 = Release|Any CPU
	EndGlobalSection
	GlobalSection(SolutionProperties) = preSolution
		HideSolutionNode = FALSE
	EndGlobalSection
EndGlobal
